// !$*UTF8*$!
{
	archiveVersion = 1;
	classes = {
	};
	objectVersion = 46;
	objects = {

/* Begin PBXBuildFile section */
		3005BA4A1904C79A0006406B /* Foundation.framework in Frameworks */ = {isa = PBXBuildFile; fileRef = 3005BA491904C79A0006406B /* Foundation.framework */; };
		3005BA4C1904C79A0006406B /* CoreGraphics.framework in Frameworks */ = {isa = PBXBuildFile; fileRef = 3005BA4B1904C79A0006406B /* CoreGraphics.framework */; };
		3005BA4E1904C79B0006406B /* UIKit.framework in Frameworks */ = {isa = PBXBuildFile; fileRef = 3005BA4D1904C79B0006406B /* UIKit.framework */; };
		3005BA541904C79B0006406B /* InfoPlist.strings in Resources */ = {isa = PBXBuildFile; fileRef = 3005BA521904C79B0006406B /* InfoPlist.strings */; };
		3005BA561904C79B0006406B /* main.m in Sources */ = {isa = PBXBuildFile; fileRef = 3005BA551904C79B0006406B /* main.m */; };
		3005BA5A1904C79B0006406B /* LYAppDelegate.m in Sources */ = {isa = PBXBuildFile; fileRef = 3005BA591904C79B0006406B /* LYAppDelegate.m */; };
		3005BA5C1904C79B0006406B /* Images.xcassets in Resources */ = {isa = PBXBuildFile; fileRef = 3005BA5B1904C79B0006406B /* Images.xcassets */; };
		3005BA631904C79B0006406B /* XCTest.framework in Frameworks */ = {isa = PBXBuildFile; fileRef = 3005BA621904C79B0006406B /* XCTest.framework */; };
		3005BA641904C79B0006406B /* Foundation.framework in Frameworks */ = {isa = PBXBuildFile; fileRef = 3005BA491904C79A0006406B /* Foundation.framework */; };
		3005BA651904C79B0006406B /* UIKit.framework in Frameworks */ = {isa = PBXBuildFile; fileRef = 3005BA4D1904C79B0006406B /* UIKit.framework */; };
		3005BA6D1904C79B0006406B /* InfoPlist.strings in Resources */ = {isa = PBXBuildFile; fileRef = 3005BA6B1904C79B0006406B /* InfoPlist.strings */; };
		3005BA6F1904C79B0006406B /* UniversalProjectTests.m in Sources */ = {isa = PBXBuildFile; fileRef = 3005BA6E1904C79B0006406B /* UniversalProjectTests.m */; };
		3005BAEE1904C7BC0006406B /* DataManager.m in Sources */ = {isa = PBXBuildFile; fileRef = 3005BAC01904C7BC0006406B /* DataManager.m */; };
		3005BAEF1904C7BC0006406B /* NetWorkRequest.m in Sources */ = {isa = PBXBuildFile; fileRef = 3005BAC41904C7BC0006406B /* NetWorkRequest.m */; };
		3005BAF01904C7BC0006406B /* NSString+Helper.m in Sources */ = {isa = PBXBuildFile; fileRef = 3005BAC81904C7BC0006406B /* NSString+Helper.m */; };
		3005BAF11904C7BC0006406B /* LYUserInfo.m in Sources */ = {isa = PBXBuildFile; fileRef = 3005BACA1904C7BC0006406B /* LYUserInfo.m */; };
		3005BAF21904C7BC0006406B /* LYUtils.m in Sources */ = {isa = PBXBuildFile; fileRef = 3005BACC1904C7BC0006406B /* LYUtils.m */; };
		3005BAF41904C7D40006406B /* libsqlite3.0.dylib in Frameworks */ = {isa = PBXBuildFile; fileRef = 3005BAF31904C7D40006406B /* libsqlite3.0.dylib */; };
		3005BAF61904C7DC0006406B /* SystemConfiguration.framework in Frameworks */ = {isa = PBXBuildFile; fileRef = 3005BAF51904C7DC0006406B /* SystemConfiguration.framework */; };
		3005BAF81904C7E10006406B /* Security.framework in Frameworks */ = {isa = PBXBuildFile; fileRef = 3005BAF71904C7E10006406B /* Security.framework */; };
		3005BAFA1904C7E90006406B /* libxml2.dylib in Frameworks */ = {isa = PBXBuildFile; fileRef = 3005BAF91904C7E90006406B /* libxml2.dylib */; };
		3005BAFC1904C7EF0006406B /* libz.1.2.5.dylib in Frameworks */ = {isa = PBXBuildFile; fileRef = 3005BAFB1904C7EF0006406B /* libz.1.2.5.dylib */; };
		3005BAFE1904C7F40006406B /* libz.dylib in Frameworks */ = {isa = PBXBuildFile; fileRef = 3005BAFD1904C7F40006406B /* libz.dylib */; };
		3005BB001904C7F80006406B /* ImageIO.framework in Frameworks */ = {isa = PBXBuildFile; fileRef = 3005BAFF1904C7F80006406B /* ImageIO.framework */; };
		3005BB021904C7FE0006406B /* MobileCoreServices.framework in Frameworks */ = {isa = PBXBuildFile; fileRef = 3005BB011904C7FE0006406B /* MobileCoreServices.framework */; };
		3005BB041904C8040006406B /* MapKit.framework in Frameworks */ = {isa = PBXBuildFile; fileRef = 3005BB031904C8040006406B /* MapKit.framework */; };
		3005BB061904C80B0006406B /* AssetsLibrary.framework in Frameworks */ = {isa = PBXBuildFile; fileRef = 3005BB051904C80B0006406B /* AssetsLibrary.framework */; };
		302303791904EA3400D29030 /* icon.png in Resources */ = {isa = PBXBuildFile; fileRef = 302303781904EA3400D29030 /* icon.png */; };
		30306A8E190766290001D4C3 /* UIView+Helper.m in Sources */ = {isa = PBXBuildFile; fileRef = 30306A8B190766290001D4C3 /* UIView+Helper.m */; };
		30306A8F190766290001D4C3 /* UIViewController+Helper.m in Sources */ = {isa = PBXBuildFile; fileRef = 30306A8D190766290001D4C3 /* UIViewController+Helper.m */; };
		308FC7A71A4939640091133F /* UILabel+Common.m in Sources */ = {isa = PBXBuildFile; fileRef = 308FC7A61A4939640091133F /* UILabel+Common.m */; };
		308FC7AA1A49398D0091133F /* UIButton+Common.m in Sources */ = {isa = PBXBuildFile; fileRef = 308FC7A91A49398D0091133F /* UIButton+Common.m */; };
		308FC7AD1A4939B00091133F /* UIImageView+Common.m in Sources */ = {isa = PBXBuildFile; fileRef = 308FC7AC1A4939B00091133F /* UIImageView+Common.m */; };
		308FC7B01A495AD90091133F /* UIAlertView+Common.m in Sources */ = {isa = PBXBuildFile; fileRef = 308FC7AF1A495AD90091133F /* UIAlertView+Common.m */; };
		30B42DFA1A49012A00D8DA5B /* LYEncryptUtils.m in Sources */ = {isa = PBXBuildFile; fileRef = 30B42DF91A49012A00D8DA5B /* LYEncryptUtils.m */; };
		30B42DFD1A4908A000D8DA5B /* LYTimeUtils.m in Sources */ = {isa = PBXBuildFile; fileRef = 30B42DFC1A4908A000D8DA5B /* LYTimeUtils.m */; };
		30D25F2D19E918E90065AF67 /* LYSandBoxUtils.m in Sources */ = {isa = PBXBuildFile; fileRef = 30D25F2C19E918E90065AF67 /* LYSandBoxUtils.m */; };
		354A06291B2EC75E0065CE81 /* ScrollViewFrameAccessor.m in Sources */ = {isa = PBXBuildFile; fileRef = 354A06261B2EC75E0065CE81 /* ScrollViewFrameAccessor.m */; };
		354A062A1B2EC75E0065CE81 /* ViewFrameAccessor.m in Sources */ = {isa = PBXBuildFile; fileRef = 354A06281B2EC75E0065CE81 /* ViewFrameAccessor.m */; };
		354A062D1B2EC8F30065CE81 /* UIImage+Helper.m in Sources */ = {isa = PBXBuildFile; fileRef = 354A062C1B2EC8F30065CE81 /* UIImage+Helper.m */; };
		4C96CDE7FF87F06A383794F6 /* libPods.a in Frameworks */ = {isa = PBXBuildFile; fileRef = C2172F0D67C593033CB1A445 /* libPods.a */; };
/* End PBXBuildFile section */

/* Begin PBXContainerItemProxy section */
		3005BA661904C79B0006406B /* PBXContainerItemProxy */ = {
			isa = PBXContainerItemProxy;
			containerPortal = 3005BA3E1904C79A0006406B /* Project object */;
			proxyType = 1;
			remoteGlobalIDString = 3005BA451904C79A0006406B;
			remoteInfo = UniversalProject;
		};
/* End PBXContainerItemProxy section */

/* Begin PBXFileReference section */
		3005BA461904C79A0006406B /* LYUniversalProject.app */ = {isa = PBXFileReference; explicitFileType = wrapper.application; includeInIndex = 0; path = LYUniversalProject.app; sourceTree = BUILT_PRODUCTS_DIR; };
		3005BA491904C79A0006406B /* Foundation.framework */ = {isa = PBXFileReference; lastKnownFileType = wrapper.framework; name = Foundation.framework; path = System/Library/Frameworks/Foundation.framework; sourceTree = SDKROOT; };
		3005BA4B1904C79A0006406B /* CoreGraphics.framework */ = {isa = PBXFileReference; lastKnownFileType = wrapper.framework; name = CoreGraphics.framework; path = System/Library/Frameworks/CoreGraphics.framework; sourceTree = SDKROOT; };
		3005BA4D1904C79B0006406B /* UIKit.framework */ = {isa = PBXFileReference; lastKnownFileType = wrapper.framework; name = UIKit.framework; path = System/Library/Frameworks/UIKit.framework; sourceTree = SDKROOT; };
		3005BA511904C79B0006406B /* LYUniversalProject-Info.plist */ = {isa = PBXFileReference; lastKnownFileType = text.plist.xml; path = "LYUniversalProject-Info.plist"; sourceTree = "<group>"; };
		3005BA531904C79B0006406B /* en */ = {isa = PBXFileReference; lastKnownFileType = text.plist.strings; name = en; path = en.lproj/InfoPlist.strings; sourceTree = "<group>"; };
		3005BA551904C79B0006406B /* main.m */ = {isa = PBXFileReference; lastKnownFileType = sourcecode.c.objc; path = main.m; sourceTree = "<group>"; };
		3005BA571904C79B0006406B /* LYUniversalProject-Prefix.pch */ = {isa = PBXFileReference; lastKnownFileType = sourcecode.c.h; path = "LYUniversalProject-Prefix.pch"; sourceTree = "<group>"; };
		3005BA581904C79B0006406B /* LYAppDelegate.h */ = {isa = PBXFileReference; lastKnownFileType = sourcecode.c.h; path = LYAppDelegate.h; sourceTree = "<group>"; };
		3005BA591904C79B0006406B /* LYAppDelegate.m */ = {isa = PBXFileReference; lastKnownFileType = sourcecode.c.objc; path = LYAppDelegate.m; sourceTree = "<group>"; };
		3005BA5B1904C79B0006406B /* Images.xcassets */ = {isa = PBXFileReference; lastKnownFileType = folder.assetcatalog; path = Images.xcassets; sourceTree = "<group>"; };
		3005BA611904C79B0006406B /* LYUniversalProjectTests.xctest */ = {isa = PBXFileReference; explicitFileType = wrapper.cfbundle; includeInIndex = 0; path = LYUniversalProjectTests.xctest; sourceTree = BUILT_PRODUCTS_DIR; };
		3005BA621904C79B0006406B /* XCTest.framework */ = {isa = PBXFileReference; lastKnownFileType = wrapper.framework; name = XCTest.framework; path = Library/Frameworks/XCTest.framework; sourceTree = DEVELOPER_DIR; };
		3005BA6A1904C79B0006406B /* LYUniversalProjectTests-Info.plist */ = {isa = PBXFileReference; lastKnownFileType = text.plist.xml; path = "LYUniversalProjectTests-Info.plist"; sourceTree = "<group>"; };
		3005BA6C1904C79B0006406B /* en */ = {isa = PBXFileReference; lastKnownFileType = text.plist.strings; name = en; path = en.lproj/InfoPlist.strings; sourceTree = "<group>"; };
		3005BA6E1904C79B0006406B /* UniversalProjectTests.m */ = {isa = PBXFileReference; lastKnownFileType = sourcecode.c.objc; path = UniversalProjectTests.m; sourceTree = "<group>"; };
		3005BABF1904C7BC0006406B /* DataManager.h */ = {isa = PBXFileReference; fileEncoding = 4; lastKnownFileType = sourcecode.c.h; path = DataManager.h; sourceTree = "<group>"; };
		3005BAC01904C7BC0006406B /* DataManager.m */ = {isa = PBXFileReference; fileEncoding = 4; lastKnownFileType = sourcecode.c.objc; path = DataManager.m; sourceTree = "<group>"; };
		3005BAC31904C7BC0006406B /* NetWorkRequest.h */ = {isa = PBXFileReference; fileEncoding = 4; lastKnownFileType = sourcecode.c.h; path = NetWorkRequest.h; sourceTree = "<group>"; };
		3005BAC41904C7BC0006406B /* NetWorkRequest.m */ = {isa = PBXFileReference; fileEncoding = 4; lastKnownFileType = sourcecode.c.objc; path = NetWorkRequest.m; sourceTree = "<group>"; };
		3005BAC71904C7BC0006406B /* NSString+Helper.h */ = {isa = PBXFileReference; fileEncoding = 4; lastKnownFileType = sourcecode.c.h; path = "NSString+Helper.h"; sourceTree = "<group>"; };
		3005BAC81904C7BC0006406B /* NSString+Helper.m */ = {isa = PBXFileReference; fileEncoding = 4; lastKnownFileType = sourcecode.c.objc; path = "NSString+Helper.m"; sourceTree = "<group>"; };
		3005BAC91904C7BC0006406B /* LYUserInfo.h */ = {isa = PBXFileReference; fileEncoding = 4; lastKnownFileType = sourcecode.c.h; path = LYUserInfo.h; sourceTree = "<group>"; };
		3005BACA1904C7BC0006406B /* LYUserInfo.m */ = {isa = PBXFileReference; fileEncoding = 4; lastKnownFileType = sourcecode.c.objc; path = LYUserInfo.m; sourceTree = "<group>"; };
		3005BACB1904C7BC0006406B /* LYUtils.h */ = {isa = PBXFileReference; fileEncoding = 4; lastKnownFileType = sourcecode.c.h; path = LYUtils.h; sourceTree = "<group>"; };
		3005BACC1904C7BC0006406B /* LYUtils.m */ = {isa = PBXFileReference; fileEncoding = 4; lastKnownFileType = sourcecode.c.objc; path = LYUtils.m; sourceTree = "<group>"; };
		3005BACD1904C7BC0006406B /* GlobalConfig.h */ = {isa = PBXFileReference; fileEncoding = 4; lastKnownFileType = sourcecode.c.h; path = GlobalConfig.h; sourceTree = "<group>"; };
		3005BAF31904C7D40006406B /* libsqlite3.0.dylib */ = {isa = PBXFileReference; lastKnownFileType = "compiled.mach-o.dylib"; name = libsqlite3.0.dylib; path = usr/lib/libsqlite3.0.dylib; sourceTree = SDKROOT; };
		3005BAF51904C7DC0006406B /* SystemConfiguration.framework */ = {isa = PBXFileReference; lastKnownFileType = wrapper.framework; name = SystemConfiguration.framework; path = System/Library/Frameworks/SystemConfiguration.framework; sourceTree = SDKROOT; };
		3005BAF71904C7E10006406B /* Security.framework */ = {isa = PBXFileReference; lastKnownFileType = wrapper.framework; name = Security.framework; path = System/Library/Frameworks/Security.framework; sourceTree = SDKROOT; };
		3005BAF91904C7E90006406B /* libxml2.dylib */ = {isa = PBXFileReference; lastKnownFileType = "compiled.mach-o.dylib"; name = libxml2.dylib; path = usr/lib/libxml2.dylib; sourceTree = SDKROOT; };
		3005BAFB1904C7EF0006406B /* libz.1.2.5.dylib */ = {isa = PBXFileReference; lastKnownFileType = "compiled.mach-o.dylib"; name = libz.1.2.5.dylib; path = usr/lib/libz.1.2.5.dylib; sourceTree = SDKROOT; };
		3005BAFD1904C7F40006406B /* libz.dylib */ = {isa = PBXFileReference; lastKnownFileType = "compiled.mach-o.dylib"; name = libz.dylib; path = usr/lib/libz.dylib; sourceTree = SDKROOT; };
		3005BAFF1904C7F80006406B /* ImageIO.framework */ = {isa = PBXFileReference; lastKnownFileType = wrapper.framework; name = ImageIO.framework; path = System/Library/Frameworks/ImageIO.framework; sourceTree = SDKROOT; };
		3005BB011904C7FE0006406B /* MobileCoreServices.framework */ = {isa = PBXFileReference; lastKnownFileType = wrapper.framework; name = MobileCoreServices.framework; path = System/Library/Frameworks/MobileCoreServices.framework; sourceTree = SDKROOT; };
		3005BB031904C8040006406B /* MapKit.framework */ = {isa = PBXFileReference; lastKnownFileType = wrapper.framework; name = MapKit.framework; path = System/Library/Frameworks/MapKit.framework; sourceTree = SDKROOT; };
		3005BB051904C80B0006406B /* AssetsLibrary.framework */ = {isa = PBXFileReference; lastKnownFileType = wrapper.framework; name = AssetsLibrary.framework; path = System/Library/Frameworks/AssetsLibrary.framework; sourceTree = SDKROOT; };
		302303781904EA3400D29030 /* icon.png */ = {isa = PBXFileReference; lastKnownFileType = image.png; path = icon.png; sourceTree = "<group>"; };
		30306A8A190766290001D4C3 /* UIView+Helper.h */ = {isa = PBXFileReference; fileEncoding = 4; lastKnownFileType = sourcecode.c.h; path = "UIView+Helper.h"; sourceTree = "<group>"; };
		30306A8B190766290001D4C3 /* UIView+Helper.m */ = {isa = PBXFileReference; fileEncoding = 4; lastKnownFileType = sourcecode.c.objc; path = "UIView+Helper.m"; sourceTree = "<group>"; };
		30306A8C190766290001D4C3 /* UIViewController+Helper.h */ = {isa = PBXFileReference; fileEncoding = 4; lastKnownFileType = sourcecode.c.h; path = "UIViewController+Helper.h"; sourceTree = "<group>"; };
		30306A8D190766290001D4C3 /* UIViewController+Helper.m */ = {isa = PBXFileReference; fileEncoding = 4; lastKnownFileType = sourcecode.c.objc; path = "UIViewController+Helper.m"; sourceTree = "<group>"; };
		308FC7A51A4939640091133F /* UILabel+Common.h */ = {isa = PBXFileReference; fileEncoding = 4; lastKnownFileType = sourcecode.c.h; path = "UILabel+Common.h"; sourceTree = "<group>"; };
		308FC7A61A4939640091133F /* UILabel+Common.m */ = {isa = PBXFileReference; fileEncoding = 4; lastKnownFileType = sourcecode.c.objc; path = "UILabel+Common.m"; sourceTree = "<group>"; };
		308FC7A81A49398D0091133F /* UIButton+Common.h */ = {isa = PBXFileReference; fileEncoding = 4; lastKnownFileType = sourcecode.c.h; path = "UIButton+Common.h"; sourceTree = "<group>"; };
		308FC7A91A49398D0091133F /* UIButton+Common.m */ = {isa = PBXFileReference; fileEncoding = 4; lastKnownFileType = sourcecode.c.objc; path = "UIButton+Common.m"; sourceTree = "<group>"; };
		308FC7AB1A4939B00091133F /* UIImageView+Common.h */ = {isa = PBXFileReference; fileEncoding = 4; lastKnownFileType = sourcecode.c.h; path = "UIImageView+Common.h"; sourceTree = "<group>"; };
		308FC7AC1A4939B00091133F /* UIImageView+Common.m */ = {isa = PBXFileReference; fileEncoding = 4; lastKnownFileType = sourcecode.c.objc; path = "UIImageView+Common.m"; sourceTree = "<group>"; };
		308FC7AE1A495AD90091133F /* UIAlertView+Common.h */ = {isa = PBXFileReference; fileEncoding = 4; lastKnownFileType = sourcecode.c.h; path = "UIAlertView+Common.h"; sourceTree = "<group>"; };
		308FC7AF1A495AD90091133F /* UIAlertView+Common.m */ = {isa = PBXFileReference; fileEncoding = 4; lastKnownFileType = sourcecode.c.objc; path = "UIAlertView+Common.m"; sourceTree = "<group>"; };
		30B42DF81A49012A00D8DA5B /* LYEncryptUtils.h */ = {isa = PBXFileReference; fileEncoding = 4; lastKnownFileType = sourcecode.c.h; path = LYEncryptUtils.h; sourceTree = "<group>"; };
		30B42DF91A49012A00D8DA5B /* LYEncryptUtils.m */ = {isa = PBXFileReference; fileEncoding = 4; lastKnownFileType = sourcecode.c.objc; path = LYEncryptUtils.m; sourceTree = "<group>"; };
		30B42DFB1A4908A000D8DA5B /* LYTimeUtils.h */ = {isa = PBXFileReference; fileEncoding = 4; lastKnownFileType = sourcecode.c.h; path = LYTimeUtils.h; sourceTree = "<group>"; };
		30B42DFC1A4908A000D8DA5B /* LYTimeUtils.m */ = {isa = PBXFileReference; fileEncoding = 4; lastKnownFileType = sourcecode.c.objc; path = LYTimeUtils.m; sourceTree = "<group>"; };
		30D25F2B19E918E90065AF67 /* LYSandBoxUtils.h */ = {isa = PBXFileReference; fileEncoding = 4; lastKnownFileType = sourcecode.c.h; path = LYSandBoxUtils.h; sourceTree = "<group>"; };
		30D25F2C19E918E90065AF67 /* LYSandBoxUtils.m */ = {isa = PBXFileReference; fileEncoding = 4; lastKnownFileType = sourcecode.c.objc; path = LYSandBoxUtils.m; sourceTree = "<group>"; };
		354A06241B2EC75E0065CE81 /* FrameAccessor.h */ = {isa = PBXFileReference; fileEncoding = 4; lastKnownFileType = sourcecode.c.h; path = FrameAccessor.h; sourceTree = "<group>"; };
		354A06251B2EC75E0065CE81 /* ScrollViewFrameAccessor.h */ = {isa = PBXFileReference; fileEncoding = 4; lastKnownFileType = sourcecode.c.h; path = ScrollViewFrameAccessor.h; sourceTree = "<group>"; };
		354A06261B2EC75E0065CE81 /* ScrollViewFrameAccessor.m */ = {isa = PBXFileReference; fileEncoding = 4; lastKnownFileType = sourcecode.c.objc; path = ScrollViewFrameAccessor.m; sourceTree = "<group>"; };
		354A06271B2EC75E0065CE81 /* ViewFrameAccessor.h */ = {isa = PBXFileReference; fileEncoding = 4; lastKnownFileType = sourcecode.c.h; path = ViewFrameAccessor.h; sourceTree = "<group>"; };
		354A06281B2EC75E0065CE81 /* ViewFrameAccessor.m */ = {isa = PBXFileReference; fileEncoding = 4; lastKnownFileType = sourcecode.c.objc; path = ViewFrameAccessor.m; sourceTree = "<group>"; };
		354A062B1B2EC8F30065CE81 /* UIImage+Helper.h */ = {isa = PBXFileReference; fileEncoding = 4; lastKnownFileType = sourcecode.c.h; path = "UIImage+Helper.h"; sourceTree = "<group>"; };
		354A062C1B2EC8F30065CE81 /* UIImage+Helper.m */ = {isa = PBXFileReference; fileEncoding = 4; lastKnownFileType = sourcecode.c.objc; path = "UIImage+Helper.m"; sourceTree = "<group>"; };
		3DA62DDF76E2A79ABE3CF621 /* Pods.release.xcconfig */ = {isa = PBXFileReference; includeInIndex = 1; lastKnownFileType = text.xcconfig; name = Pods.release.xcconfig; path = "Pods/Target Support Files/Pods/Pods.release.xcconfig"; sourceTree = "<group>"; };
		C02BD9280A0B887A3A2DFDE4 /* Pods.debug.xcconfig */ = {isa = PBXFileReference; includeInIndex = 1; lastKnownFileType = text.xcconfig; name = Pods.debug.xcconfig; path = "Pods/Target Support Files/Pods/Pods.debug.xcconfig"; sourceTree = "<group>"; };
		C2172F0D67C593033CB1A445 /* libPods.a */ = {isa = PBXFileReference; explicitFileType = archive.ar; includeInIndex = 0; path = libPods.a; sourceTree = BUILT_PRODUCTS_DIR; };
/* End PBXFileReference section */

/* Begin PBXFrameworksBuildPhase section */
		3005BA431904C79A0006406B /* Frameworks */ = {
			isa = PBXFrameworksBuildPhase;
			buildActionMask = 2147483647;
			files = (
				3005BB061904C80B0006406B /* AssetsLibrary.framework in Frameworks */,
				3005BB041904C8040006406B /* MapKit.framework in Frameworks */,
				3005BB021904C7FE0006406B /* MobileCoreServices.framework in Frameworks */,
				3005BB001904C7F80006406B /* ImageIO.framework in Frameworks */,
				3005BAFE1904C7F40006406B /* libz.dylib in Frameworks */,
				3005BAFC1904C7EF0006406B /* libz.1.2.5.dylib in Frameworks */,
				3005BAFA1904C7E90006406B /* libxml2.dylib in Frameworks */,
				3005BAF81904C7E10006406B /* Security.framework in Frameworks */,
				3005BAF61904C7DC0006406B /* SystemConfiguration.framework in Frameworks */,
				3005BAF41904C7D40006406B /* libsqlite3.0.dylib in Frameworks */,
				3005BA4C1904C79A0006406B /* CoreGraphics.framework in Frameworks */,
				3005BA4E1904C79B0006406B /* UIKit.framework in Frameworks */,
				3005BA4A1904C79A0006406B /* Foundation.framework in Frameworks */,
				4C96CDE7FF87F06A383794F6 /* libPods.a in Frameworks */,
			);
			runOnlyForDeploymentPostprocessing = 0;
		};
		3005BA5E1904C79B0006406B /* Frameworks */ = {
			isa = PBXFrameworksBuildPhase;
			buildActionMask = 2147483647;
			files = (
				3005BA631904C79B0006406B /* XCTest.framework in Frameworks */,
				3005BA651904C79B0006406B /* UIKit.framework in Frameworks */,
				3005BA641904C79B0006406B /* Foundation.framework in Frameworks */,
			);
			runOnlyForDeploymentPostprocessing = 0;
		};
/* End PBXFrameworksBuildPhase section */

/* Begin PBXGroup section */
		3005BA3D1904C79A0006406B = {
			isa = PBXGroup;
			children = (
				3005BA4F1904C79B0006406B /* LYUniversalProject */,
				3005BA681904C79B0006406B /* UniversalProjectTests */,
				3005BA481904C79A0006406B /* Frameworks */,
				3005BA471904C79A0006406B /* Products */,
				EE0849A097BC9094CB75AA95 /* Pods */,
			);
			sourceTree = "<group>";
		};
		3005BA471904C79A0006406B /* Products */ = {
			isa = PBXGroup;
			children = (
				3005BA461904C79A0006406B /* LYUniversalProject.app */,
				3005BA611904C79B0006406B /* LYUniversalProjectTests.xctest */,
			);
			name = Products;
			sourceTree = "<group>";
		};
		3005BA481904C79A0006406B /* Frameworks */ = {
			isa = PBXGroup;
			children = (
				3005BB051904C80B0006406B /* AssetsLibrary.framework */,
				3005BB031904C8040006406B /* MapKit.framework */,
				3005BB011904C7FE0006406B /* MobileCoreServices.framework */,
				3005BAFF1904C7F80006406B /* ImageIO.framework */,
				3005BAFD1904C7F40006406B /* libz.dylib */,
				3005BAFB1904C7EF0006406B /* libz.1.2.5.dylib */,
				3005BAF91904C7E90006406B /* libxml2.dylib */,
				3005BAF71904C7E10006406B /* Security.framework */,
				3005BAF51904C7DC0006406B /* SystemConfiguration.framework */,
				3005BAF31904C7D40006406B /* libsqlite3.0.dylib */,
				3005BA491904C79A0006406B /* Foundation.framework */,
				3005BA4B1904C79A0006406B /* CoreGraphics.framework */,
				3005BA4D1904C79B0006406B /* UIKit.framework */,
				3005BA621904C79B0006406B /* XCTest.framework */,
				C2172F0D67C593033CB1A445 /* libPods.a */,
			);
			name = Frameworks;
			sourceTree = "<group>";
		};
		3005BA4F1904C79B0006406B /* LYUniversalProject */ = {
			isa = PBXGroup;
			children = (
				3005BA581904C79B0006406B /* LYAppDelegate.h */,
				3005BA591904C79B0006406B /* LYAppDelegate.m */,
				3005BA781904C7BC0006406B /* Classes */,
				3005BACF1904C7BC0006406B /* Resources */,
				3005BA5B1904C79B0006406B /* Images.xcassets */,
				3005BA501904C79B0006406B /* Supporting Files */,
			);
			name = LYUniversalProject;
			path = UniversalProject;
			sourceTree = "<group>";
		};
		3005BA501904C79B0006406B /* Supporting Files */ = {
			isa = PBXGroup;
			children = (
				3005BA511904C79B0006406B /* LYUniversalProject-Info.plist */,
				3005BA521904C79B0006406B /* InfoPlist.strings */,
				3005BA551904C79B0006406B /* main.m */,
				3005BA571904C79B0006406B /* LYUniversalProject-Prefix.pch */,
				302303781904EA3400D29030 /* icon.png */,
			);
			name = "Supporting Files";
			sourceTree = "<group>";
		};
		3005BA681904C79B0006406B /* UniversalProjectTests */ = {
			isa = PBXGroup;
			children = (
				3005BA6E1904C79B0006406B /* UniversalProjectTests.m */,
				3005BA691904C79B0006406B /* Supporting Files */,
			);
			path = UniversalProjectTests;
			sourceTree = "<group>";
		};
		3005BA691904C79B0006406B /* Supporting Files */ = {
			isa = PBXGroup;
			children = (
				3005BA6A1904C79B0006406B /* LYUniversalProjectTests-Info.plist */,
				3005BA6B1904C79B0006406B /* InfoPlist.strings */,
			);
			name = "Supporting Files";
			sourceTree = "<group>";
		};
		3005BA781904C7BC0006406B /* Classes */ = {
			isa = PBXGroup;
			children = (
				3005BABE1904C7BC0006406B /* DB */,
				3005BAC21904C7BC0006406B /* Net */,
				3005BAC51904C7BC0006406B /* Public */,
				3005BACE1904C7BC0006406B /* UIs */,
			);
			path = Classes;
			sourceTree = "<group>";
		};
		3005BABE1904C7BC0006406B /* DB */ = {
			isa = PBXGroup;
			children = (
				3005BABF1904C7BC0006406B /* DataManager.h */,
				3005BAC01904C7BC0006406B /* DataManager.m */,
				3005BAC11904C7BC0006406B /* Models */,
			);
			path = DB;
			sourceTree = "<group>";
		};
		3005BAC11904C7BC0006406B /* Models */ = {
			isa = PBXGroup;
			children = (
			);
			path = Models;
			sourceTree = "<group>";
		};
		3005BAC21904C7BC0006406B /* Net */ = {
			isa = PBXGroup;
			children = (
				3005BAC31904C7BC0006406B /* NetWorkRequest.h */,
				3005BAC41904C7BC0006406B /* NetWorkRequest.m */,
			);
			path = Net;
			sourceTree = "<group>";
		};
		3005BAC51904C7BC0006406B /* Public */ = {
			isa = PBXGroup;
			children = (
				354A06231B2EC75E0065CE81 /* FrameAccessor */,
				3005BACB1904C7BC0006406B /* LYUtils.h */,
				3005BACC1904C7BC0006406B /* LYUtils.m */,
				3005BAC91904C7BC0006406B /* LYUserInfo.h */,
				3005BACA1904C7BC0006406B /* LYUserInfo.m */,
				30D25F2B19E918E90065AF67 /* LYSandBoxUtils.h */,
				30D25F2C19E918E90065AF67 /* LYSandBoxUtils.m */,
				30B42DF81A49012A00D8DA5B /* LYEncryptUtils.h */,
				30B42DF91A49012A00D8DA5B /* LYEncryptUtils.m */,
				30B42DFB1A4908A000D8DA5B /* LYTimeUtils.h */,
				30B42DFC1A4908A000D8DA5B /* LYTimeUtils.m */,
				3005BACD1904C7BC0006406B /* GlobalConfig.h */,
				3005BAC61904C7BC0006406B /* Category */,
			);
			path = Public;
			sourceTree = "<group>";
		};
		3005BAC61904C7BC0006406B /* Category */ = {
			isa = PBXGroup;
			children = (
				3005BAC71904C7BC0006406B /* NSString+Helper.h */,
				3005BAC81904C7BC0006406B /* NSString+Helper.m */,
			);
			path = Category;
			sourceTree = "<group>";
		};
		3005BACE1904C7BC0006406B /* UIs */ = {
			isa = PBXGroup;
			children = (
				30306A88190766290001D4C3 /* Public */,
			);
			path = UIs;
			sourceTree = "<group>";
		};
		3005BACF1904C7BC0006406B /* Resources */ = {
			isa = PBXGroup;
			children = (
			);
			path = Resources;
			sourceTree = "<group>";
		};
		30306A88190766290001D4C3 /* Public */ = {
			isa = PBXGroup;
			children = (
				30306A89190766290001D4C3 /* Category */,
			);
			path = Public;
			sourceTree = "<group>";
		};
		30306A89190766290001D4C3 /* Category */ = {
			isa = PBXGroup;
			children = (
				30306A8A190766290001D4C3 /* UIView+Helper.h */,
				30306A8B190766290001D4C3 /* UIView+Helper.m */,
				30306A8C190766290001D4C3 /* UIViewController+Helper.h */,
				30306A8D190766290001D4C3 /* UIViewController+Helper.m */,
				308FC7A51A4939640091133F /* UILabel+Common.h */,
				308FC7A61A4939640091133F /* UILabel+Common.m */,
				308FC7A81A49398D0091133F /* UIButton+Common.h */,
				308FC7A91A49398D0091133F /* UIButton+Common.m */,
				308FC7AB1A4939B00091133F /* UIImageView+Common.h */,
				308FC7AC1A4939B00091133F /* UIImageView+Common.m */,
				308FC7AE1A495AD90091133F /* UIAlertView+Common.h */,
				308FC7AF1A495AD90091133F /* UIAlertView+Common.m */,
				354A062B1B2EC8F30065CE81 /* UIImage+Helper.h */,
				354A062C1B2EC8F30065CE81 /* UIImage+Helper.m */,
			);
			path = Category;
			sourceTree = "<group>";
		};
		354A06231B2EC75E0065CE81 /* FrameAccessor */ = {
			isa = PBXGroup;
			children = (
				354A06241B2EC75E0065CE81 /* FrameAccessor.h */,
				354A06251B2EC75E0065CE81 /* ScrollViewFrameAccessor.h */,
				354A06261B2EC75E0065CE81 /* ScrollViewFrameAccessor.m */,
				354A06271B2EC75E0065CE81 /* ViewFrameAccessor.h */,
				354A06281B2EC75E0065CE81 /* ViewFrameAccessor.m */,
			);
			path = FrameAccessor;
			sourceTree = "<group>";
		};
		EE0849A097BC9094CB75AA95 /* Pods */ = {
			isa = PBXGroup;
			children = (
				C02BD9280A0B887A3A2DFDE4 /* Pods.debug.xcconfig */,
				3DA62DDF76E2A79ABE3CF621 /* Pods.release.xcconfig */,
			);
			name = Pods;
			sourceTree = "<group>";
		};
/* End PBXGroup section */

/* Begin PBXNativeTarget section */
		3005BA451904C79A0006406B /* LYUniversalProject */ = {
			isa = PBXNativeTarget;
			buildConfigurationList = 3005BA721904C79B0006406B /* Build configuration list for PBXNativeTarget "LYUniversalProject" */;
			buildPhases = (
				C53CEC9E5B9C83859C19C2F1 /* Check Pods Manifest.lock */,
				3005BA421904C79A0006406B /* Sources */,
				3005BA431904C79A0006406B /* Frameworks */,
				3005BA441904C79A0006406B /* Resources */,
				04834FBE0F24F3322355EE73 /* Copy Pods Resources */,
			);
			buildRules = (
			);
			dependencies = (
			);
			name = LYUniversalProject;
			productName = UniversalProject;
			productReference = 3005BA461904C79A0006406B /* LYUniversalProject.app */;
			productType = "com.apple.product-type.application";
		};
		3005BA601904C79B0006406B /* LYUniversalProjectTests */ = {
			isa = PBXNativeTarget;
			buildConfigurationList = 3005BA751904C79B0006406B /* Build configuration list for PBXNativeTarget "LYUniversalProjectTests" */;
			buildPhases = (
				3005BA5D1904C79B0006406B /* Sources */,
				3005BA5E1904C79B0006406B /* Frameworks */,
				3005BA5F1904C79B0006406B /* Resources */,
			);
			buildRules = (
			);
			dependencies = (
				3005BA671904C79B0006406B /* PBXTargetDependency */,
			);
			name = LYUniversalProjectTests;
			productName = UniversalProjectTests;
			productReference = 3005BA611904C79B0006406B /* LYUniversalProjectTests.xctest */;
			productType = "com.apple.product-type.bundle.unit-test";
		};
/* End PBXNativeTarget section */

/* Begin PBXProject section */
		3005BA3E1904C79A0006406B /* Project object */ = {
			isa = PBXProject;
			attributes = {
				CLASSPREFIX = LY;
				LastUpgradeCheck = 0510;
				ORGANIZATIONNAME = "老岳";
				TargetAttributes = {
					3005BA601904C79B0006406B = {
						TestTargetID = 3005BA451904C79A0006406B;
					};
				};
			};
			buildConfigurationList = 3005BA411904C79A0006406B /* Build configuration list for PBXProject "LYUniversalProject" */;
			compatibilityVersion = "Xcode 3.2";
			developmentRegion = English;
			hasScannedForEncodings = 0;
			knownRegions = (
				en,
			);
			mainGroup = 3005BA3D1904C79A0006406B;
			productRefGroup = 3005BA471904C79A0006406B /* Products */;
			projectDirPath = "";
			projectRoot = "";
			targets = (
				3005BA451904C79A0006406B /* LYUniversalProject */,
				3005BA601904C79B0006406B /* LYUniversalProjectTests */,
			);
		};
/* End PBXProject section */

/* Begin PBXResourcesBuildPhase section */
		3005BA441904C79A0006406B /* Resources */ = {
			isa = PBXResourcesBuildPhase;
			buildActionMask = 2147483647;
			files = (
				3005BA541904C79B0006406B /* InfoPlist.strings in Resources */,
				3005BA5C1904C79B0006406B /* Images.xcassets in Resources */,
				302303791904EA3400D29030 /* icon.png in Resources */,
			);
			runOnlyForDeploymentPostprocessing = 0;
		};
		3005BA5F1904C79B0006406B /* Resources */ = {
			isa = PBXResourcesBuildPhase;
			buildActionMask = 2147483647;
			files = (
				3005BA6D1904C79B0006406B /* InfoPlist.strings in Resources */,
			);
			runOnlyForDeploymentPostprocessing = 0;
		};
/* End PBXResourcesBuildPhase section */

/* Begin PBXShellScriptBuildPhase section */
		04834FBE0F24F3322355EE73 /* Copy Pods Resources */ = {
			isa = PBXShellScriptBuildPhase;
			buildActionMask = 2147483647;
			files = (
			);
			inputPaths = (
			);
			name = "Copy Pods Resources";
			outputPaths = (
			);
			runOnlyForDeploymentPostprocessing = 0;
			shellPath = /bin/sh;
			shellScript = "\"${SRCROOT}/Pods/Target Support Files/Pods/Pods-resources.sh\"\n";
			showEnvVarsInLog = 0;
		};
		C53CEC9E5B9C83859C19C2F1 /* Check Pods Manifest.lock */ = {
			isa = PBXShellScriptBuildPhase;
			buildActionMask = 2147483647;
			files = (
			);
			inputPaths = (
			);
			name = "Check Pods Manifest.lock";
			outputPaths = (
			);
			runOnlyForDeploymentPostprocessing = 0;
			shellPath = /bin/sh;
			shellScript = "diff \"${PODS_ROOT}/../Podfile.lock\" \"${PODS_ROOT}/Manifest.lock\" > /dev/null\nif [[ $? != 0 ]] ; then\n    cat << EOM\nerror: The sandbox is not in sync with the Podfile.lock. Run 'pod install' or update your CocoaPods installation.\nEOM\n    exit 1\nfi\n";
			showEnvVarsInLog = 0;
		};
/* End PBXShellScriptBuildPhase section */

/* Begin PBXSourcesBuildPhase section */
		3005BA421904C79A0006406B /* Sources */ = {
			isa = PBXSourcesBuildPhase;
			buildActionMask = 2147483647;
			files = (
				30306A8E190766290001D4C3 /* UIView+Helper.m in Sources */,
				354A06291B2EC75E0065CE81 /* ScrollViewFrameAccessor.m in Sources */,
				308FC7AD1A4939B00091133F /* UIImageView+Common.m in Sources */,
				308FC7A71A4939640091133F /* UILabel+Common.m in Sources */,
				3005BA561904C79B0006406B /* main.m in Sources */,
				308FC7B01A495AD90091133F /* UIAlertView+Common.m in Sources */,
				3005BAF11904C7BC0006406B /* LYUserInfo.m in Sources */,
				3005BAEF1904C7BC0006406B /* NetWorkRequest.m in Sources */,
				30306A8F190766290001D4C3 /* UIViewController+Helper.m in Sources */,
				30B42DFD1A4908A000D8DA5B /* LYTimeUtils.m in Sources */,
				30D25F2D19E918E90065AF67 /* LYSandBoxUtils.m in Sources */,
				354A062A1B2EC75E0065CE81 /* ViewFrameAccessor.m in Sources */,
				30B42DFA1A49012A00D8DA5B /* LYEncryptUtils.m in Sources */,
				3005BAF21904C7BC0006406B /* LYUtils.m in Sources */,
				308FC7AA1A49398D0091133F /* UIButton+Common.m in Sources */,
				3005BAF01904C7BC0006406B /* NSString+Helper.m in Sources */,
				3005BA5A1904C79B0006406B /* LYAppDelegate.m in Sources */,
				354A062D1B2EC8F30065CE81 /* UIImage+Helper.m in Sources */,
				3005BAEE1904C7BC0006406B /* DataManager.m in Sources */,
			);
			runOnlyForDeploymentPostprocessing = 0;
		};
		3005BA5D1904C79B0006406B /* Sources */ = {
			isa = PBXSourcesBuildPhase;
			buildActionMask = 2147483647;
			files = (
				3005BA6F1904C79B0006406B /* UniversalProjectTests.m in Sources */,
			);
			runOnlyForDeploymentPostprocessing = 0;
		};
/* End PBXSourcesBuildPhase section */

/* Begin PBXTargetDependency section */
		3005BA671904C79B0006406B /* PBXTargetDependency */ = {
			isa = PBXTargetDependency;
			target = 3005BA451904C79A0006406B /* LYUniversalProject */;
			targetProxy = 3005BA661904C79B0006406B /* PBXContainerItemProxy */;
		};
/* End PBXTargetDependency section */

/* Begin PBXVariantGroup section */
		3005BA521904C79B0006406B /* InfoPlist.strings */ = {
			isa = PBXVariantGroup;
			children = (
				3005BA531904C79B0006406B /* en */,
			);
			name = InfoPlist.strings;
			sourceTree = "<group>";
		};
		3005BA6B1904C79B0006406B /* InfoPlist.strings */ = {
			isa = PBXVariantGroup;
			children = (
				3005BA6C1904C79B0006406B /* en */,
			);
			name = InfoPlist.strings;
			sourceTree = "<group>";
		};
/* End PBXVariantGroup section */

/* Begin XCBuildConfiguration section */
		3005BA701904C79B0006406B /* Debug */ = {
			isa = XCBuildConfiguration;
			buildSettings = {
				ALWAYS_SEARCH_USER_PATHS = NO;
				CLANG_CXX_LANGUAGE_STANDARD = "gnu++0x";
				CLANG_CXX_LIBRARY = "libc++";
				CLANG_ENABLE_MODULES = YES;
				CLANG_ENABLE_OBJC_ARC = YES;
				CLANG_WARN_BOOL_CONVERSION = YES;
				CLANG_WARN_CONSTANT_CONVERSION = YES;
				CLANG_WARN_DIRECT_OBJC_ISA_USAGE = YES_ERROR;
				CLANG_WARN_EMPTY_BODY = YES;
				CLANG_WARN_ENUM_CONVERSION = YES;
				CLANG_WARN_INT_CONVERSION = YES;
				CLANG_WARN_OBJC_ROOT_CLASS = YES_ERROR;
				CLANG_WARN__DUPLICATE_METHOD_MATCH = YES;
				"CODE_SIGN_IDENTITY[sdk=iphoneos*]" = "iPhone Developer";
				COPY_PHASE_STRIP = NO;
				GCC_C_LANGUAGE_STANDARD = gnu99;
				GCC_DYNAMIC_NO_PIC = NO;
				GCC_OPTIMIZATION_LEVEL = 0;
				GCC_PREPROCESSOR_DEFINITIONS = (
					"DEBUG=1",
					"$(inherited)",
				);
				GCC_SYMBOLS_PRIVATE_EXTERN = NO;
				GCC_WARN_64_TO_32_BIT_CONVERSION = YES;
				GCC_WARN_ABOUT_RETURN_TYPE = YES_ERROR;
				GCC_WARN_UNDECLARED_SELECTOR = YES;
				GCC_WARN_UNINITIALIZED_AUTOS = YES_AGGRESSIVE;
				GCC_WARN_UNUSED_FUNCTION = YES;
				GCC_WARN_UNUSED_VARIABLE = YES;
				IPHONEOS_DEPLOYMENT_TARGET = 7.1;
				ONLY_ACTIVE_ARCH = YES;
				SDKROOT = iphoneos;
			};
			name = Debug;
		};
		3005BA711904C79B0006406B /* Release */ = {
			isa = XCBuildConfiguration;
			buildSettings = {
				ALWAYS_SEARCH_USER_PATHS = NO;
				CLANG_CXX_LANGUAGE_STANDARD = "gnu++0x";
				CLANG_CXX_LIBRARY = "libc++";
				CLANG_ENABLE_MODULES = YES;
				CLANG_ENABLE_OBJC_ARC = YES;
				CLANG_WARN_BOOL_CONVERSION = YES;
				CLANG_WARN_CONSTANT_CONVERSION = YES;
				CLANG_WARN_DIRECT_OBJC_ISA_USAGE = YES_ERROR;
				CLANG_WARN_EMPTY_BODY = YES;
				CLANG_WARN_ENUM_CONVERSION = YES;
				CLANG_WARN_INT_CONVERSION = YES;
				CLANG_WARN_OBJC_ROOT_CLASS = YES_ERROR;
				CLANG_WARN__DUPLICATE_METHOD_MATCH = YES;
				"CODE_SIGN_IDENTITY[sdk=iphoneos*]" = "iPhone Developer";
				COPY_PHASE_STRIP = YES;
				ENABLE_NS_ASSERTIONS = NO;
				GCC_C_LANGUAGE_STANDARD = gnu99;
				GCC_WARN_64_TO_32_BIT_CONVERSION = YES;
				GCC_WARN_ABOUT_RETURN_TYPE = YES_ERROR;
				GCC_WARN_UNDECLARED_SELECTOR = YES;
				GCC_WARN_UNINITIALIZED_AUTOS = YES_AGGRESSIVE;
				GCC_WARN_UNUSED_FUNCTION = YES;
				GCC_WARN_UNUSED_VARIABLE = YES;
				IPHONEOS_DEPLOYMENT_TARGET = 7.1;
				SDKROOT = iphoneos;
				VALIDATE_PRODUCT = YES;
			};
			name = Release;
		};
		3005BA731904C79B0006406B /* Debug */ = {
			isa = XCBuildConfiguration;
			baseConfigurationReference = C02BD9280A0B887A3A2DFDE4 /* Pods.debug.xcconfig */;
			buildSettings = {
				ASSETCATALOG_COMPILER_APPICON_NAME = AppIcon;
				ASSETCATALOG_COMPILER_LAUNCHIMAGE_NAME = LaunchImage;
				GCC_PRECOMPILE_PREFIX_HEADER = YES;
				GCC_PREFIX_HEADER = "UniversalProject/LYUniversalProject-Prefix.pch";
				INFOPLIST_FILE = "UniversalProject/LYUniversalProject-Info.plist";
				IPHONEOS_DEPLOYMENT_TARGET = 6.0;
				PRODUCT_NAME = LYUniversalProject;
				WRAPPER_EXTENSION = app;
			};
			name = Debug;
		};
		3005BA741904C79B0006406B /* Release */ = {
			isa = XCBuildConfiguration;
			baseConfigurationReference = 3DA62DDF76E2A79ABE3CF621 /* Pods.release.xcconfig */;
			buildSettings = {
				ASSETCATALOG_COMPILER_APPICON_NAME = AppIcon;
				ASSETCATALOG_COMPILER_LAUNCHIMAGE_NAME = LaunchImage;
				GCC_PRECOMPILE_PREFIX_HEADER = YES;
				GCC_PREFIX_HEADER = "UniversalProject/LYUniversalProject-Prefix.pch";
				INFOPLIST_FILE = "UniversalProject/LYUniversalProject-Info.plist";
				IPHONEOS_DEPLOYMENT_TARGET = 6.0;
				PRODUCT_NAME = LYUniversalProject;
				WRAPPER_EXTENSION = app;
			};
			name = Release;
		};
		3005BA761904C79B0006406B /* Debug */ = {
			isa = XCBuildConfiguration;
			buildSettings = {
				BUNDLE_LOADER = "$(BUILT_PRODUCTS_DIR)/UniversalProject.app/UniversalProject";
				FRAMEWORK_SEARCH_PATHS = (
					"$(SDKROOT)/Developer/Library/Frameworks",
					"$(inherited)",
					"$(DEVELOPER_FRAMEWORKS_DIR)",
				);
				GCC_PRECOMPILE_PREFIX_HEADER = YES;
				GCC_PREFIX_HEADER = "UniversalProject/UniversalProject-Prefix.pch";
				GCC_PREPROCESSOR_DEFINITIONS = (
					"DEBUG=1",
					"$(inherited)",
				);
				INFOPLIST_FILE = "UniversalProjectTests/LYUniversalProjectTests-Info.plist";
				PRODUCT_NAME = LYUniversalProjectTests;
				TEST_HOST = "$(BUNDLE_LOADER)";
				WRAPPER_EXTENSION = xctest;
			};
			name = Debug;
		};
		3005BA771904C79B0006406B /* Release */ = {
			isa = XCBuildConfiguration;
			buildSettings = {
				BUNDLE_LOADER = "$(BUILT_PRODUCTS_DIR)/UniversalProject.app/UniversalProject";
				FRAMEWORK_SEARCH_PATHS = (
					"$(SDKROOT)/Developer/Library/Frameworks",
					"$(inherited)",
					"$(DEVELOPER_FRAMEWORKS_DIR)",
				);
				GCC_PRECOMPILE_PREFIX_HEADER = YES;
				GCC_PREFIX_HEADER = "UniversalProject/UniversalProject-Prefix.pch";
				INFOPLIST_FILE = "UniversalProjectTests/LYUniversalProjectTests-Info.plist";
				PRODUCT_NAME = LYUniversalProjectTests;
				TEST_HOST = "$(BUNDLE_LOADER)";
				WRAPPER_EXTENSION = xctest;
			};
			name = Release;
		};
/* End XCBuildConfiguration section */

/* Begin XCConfigurationList section */
		3005BA411904C79A0006406B /* Build configuration list for PBXProject "LYUniversalProject" */ = {
			isa = XCConfigurationList;
			buildConfigurations = (
				3005BA701904C79B0006406B /* Debug */,
				3005BA711904C79B0006406B /* Release */,
			);
			defaultConfigurationIsVisible = 0;
			defaultConfigurationName = Release;
		};
		3005BA721904C79B0006406B /* Build configuration list for PBXNativeTarget "LYUniversalProject" */ = {
			isa = XCConfigurationList;
			buildConfigurations = (
				3005BA731904C79B0006406B /* Debug */,
				3005BA741904C79B0006406B /* Release */,
			);
			defaultConfigurationIsVisible = 0;
			defaultConfigurationName = Release;
		};
		3005BA751904C79B0006406B /* Build configuration list for PBXNativeTarget "LYUniversalProjectTests" */ = {
			isa = XCConfigurationList;
			buildConfigurations = (
				3005BA761904C79B0006406B /* Debug */,
				3005BA771904C79B0006406B /* Release */,
			);
			defaultConfigurationIsVisible = 0;
			defaultConfigurationName = Release;
		};
/* End XCConfigurationList section */
	};
	rootObject = 3005BA3E1904C79A0006406B /* Project object */;
}
